extract-alexa:
  cmd: unzip data/raw/alexa_1M.zip -d data/extract-alexa/
  deps:
  - path: data/raw/alexa_1M.zip
    md5: ac6ef564db027f3a84fd30f6e9745299
    size: 10266213
  outs:
  - path: data/extract-alexa/
    md5: e12e0e03430e729268f8a075f0287aae.dir
    size: 22991158
    nfiles: 1
prepare-alexa:
  cmd: python src/preparation/alexa_prepare.py data/extract-alexa/alexa_1M.csv data/prepare-alexa/
  deps:
  - path: data/extract-alexa/alexa_1M.csv
    md5: 135bcc36298ce986a3b0cc5d21ee430b
    size: 22991158
  - path: src/preparation/alexa_prepare.py
    md5: 76e0da76accdf76601205a4bfb3762d6
    size: 1700
  params:
    params.yaml:
      preparation.seed: 0
  outs:
  - path: data/prepare-alexa/
    md5: a300a7f00d99549d84ebb855f13a8a4c.dir
    size: 23269201
    nfiles: 1
prepare-dga:
  cmd: python src/preparation/dga_prepare.py data/raw/dga_domains.txt data/prepare-dga/
  deps:
  - path: data/raw/dga_domains.txt
    md5: d26191eb20cbddff6c1dac7049b77558
    size: 41875
  - path: src/preparation/dga_prepare.py
    md5: 78e3bb8846cdacdf68dca394ade0d40a
    size: 1125
  outs:
  - path: data/prepare-dga/
    md5: e5d233c5cbe290b03d5ea4176e589751.dir
    size: 81123
    nfiles: 1
prepare-words:
  cmd: python src/preparation/words_prepare.py data/raw/words.txt data/prepare-words/
  deps:
  - path: data/raw/words.txt
    md5: bc663cb75feb6b860131c12db7fbe825
    size: 4950996
  - path: src/preparation/words_prepare.py
    md5: 759cc0a5d617bbc8c259a8f5fa27ddee
    size: 1029
  outs:
  - path: data/prepare-words/
    md5: b305b5b29a37211d771f49d183b000d6.dir
    size: 8399364
    nfiles: 1
